<?xml version="1.0" encoding="utf-8"?>
<Project ToolsVersion="4.0" xmlns="http://schemas.microsoft.com/developer/msbuild/2003">
  <ItemGroup>
    <Filter Include="Source Files">
      <UniqueIdentifier>{4FC737F1-C7A5-4376-A066-2A32D752A2FF}</UniqueIdentifier>
      <Extensions>cpp;c;cc;cxx;def;odl;idl;hpj;bat;asm;asmx</Extensions>
    </Filter>
    <Filter Include="Header Files">
      <UniqueIdentifier>{93995380-89BD-4b04-88EB-625FBE52EBFB}</UniqueIdentifier>
      <Extensions>h;hh;hpp;hxx;hm;inl;inc;xsd</Extensions>
    </Filter>
    <Filter Include="Resource Files">
      <UniqueIdentifier>{67DA6AB6-F800-4c08-8B7A-83BB121AAD01}</UniqueIdentifier>
      <Extensions>rc;ico;cur;bmp;dlg;rc2;rct;bin;rgs;gif;jpg;jpeg;jpe;resx;tiff;tif;png;wav;mfcribbon-ms</Extensions>
    </Filter>
    <Filter Include="Layers">
      <UniqueIdentifier>{d939eefd-06b5-4763-9331-abb5b5620189}</UniqueIdentifier>
    </Filter>
    <Filter Include="Extensions">
      <UniqueIdentifier>{2377e501-8d5a-438d-b733-2ad5b4a1b7b3}</UniqueIdentifier>
    </Filter>
    <Filter Include="ColorFilter">
      <UniqueIdentifier>{d8787dd3-ff06-4bd2-8d67-0dac69e05332}</UniqueIdentifier>
    </Filter>
    <Filter Include="SourceOptions">
      <UniqueIdentifier>{e526207f-5f8a-4095-a067-58a71c73511a}</UniqueIdentifier>
    </Filter>
    <Filter Include="LayerOptions">
      <UniqueIdentifier>{65ebf944-e5f4-4167-81bd-3a2802b966c4}</UniqueIdentifier>
    </Filter>
    <Filter Include="Plugins">
      <UniqueIdentifier>{7a83ed12-d908-4514-90b4-6096c5a82d0f}</UniqueIdentifier>
    </Filter>
    <Filter Include="Handlers">
      <UniqueIdentifier>{32c2d66b-7372-4f46-92cb-daaae64bde0d}</UniqueIdentifier>
    </Filter>
  </ItemGroup>
  <ItemGroup>
    <ClInclude Include="Stdafx.h">
      <Filter>Header Files</Filter>
    </ClInclude>
    <ClInclude Include="resource.h">
      <Filter>Header Files</Filter>
    </ClInclude>
    <ClInclude Include="Viewer.h">
      <Filter>Header Files</Filter>
    </ClInclude>
    <ClInclude Include="oepMap.h">
      <Filter>Header Files</Filter>
    </ClInclude>
    <ClInclude Include="oepElevationLayer.h">
      <Filter>Layers</Filter>
    </ClInclude>
    <ClInclude Include="oepImageLayer.h">
      <Filter>Layers</Filter>
    </ClInclude>
    <ClInclude Include="oepLayer.h">
      <Filter>Layers</Filter>
    </ClInclude>
    <ClInclude Include="oepTerrainLayer.h">
      <Filter>Layers</Filter>
    </ClInclude>
    <ClInclude Include="oepVisibleLayer.h">
      <Filter>Layers</Filter>
    </ClInclude>
    <ClInclude Include="oepObject.h">
      <Filter>Header Files</Filter>
    </ClInclude>
    <ClInclude Include="oepLayerFactory.h">
      <Filter>Layers</Filter>
    </ClInclude>
    <ClInclude Include="oepUnknownLayer.h">
      <Filter>Layers</Filter>
    </ClInclude>
    <ClInclude Include="oepExtension.h">
      <Filter>Extensions</Filter>
    </ClInclude>
    <ClInclude Include="oepConfigOptions.h">
      <Filter>Header Files</Filter>
    </ClInclude>
    <ClInclude Include="oepBrightnessContrastColorFilter.h">
      <Filter>ColorFilter</Filter>
    </ClInclude>
    <ClInclude Include="oepChromaKeyColorFilter.h">
      <Filter>ColorFilter</Filter>
    </ClInclude>
    <ClInclude Include="oepCMYKColorFilter.h">
      <Filter>ColorFilter</Filter>
    </ClInclude>
    <ClInclude Include="oepColorFilter.h">
      <Filter>ColorFilter</Filter>
    </ClInclude>
    <ClInclude Include="oepGammaColorFilter.h">
      <Filter>ColorFilter</Filter>
    </ClInclude>
    <ClInclude Include="oepHSLColorFilter.h">
      <Filter>ColorFilter</Filter>
    </ClInclude>
    <ClInclude Include="oepRGBColorFilter.h">
      <Filter>ColorFilter</Filter>
    </ClInclude>
    <ClInclude Include="oepVector.h">
      <Filter>Header Files</Filter>
    </ClInclude>
    <ClInclude Include="oepExtensionFactory.h">
      <Filter>Extensions</Filter>
    </ClInclude>
    <ClInclude Include="oepSimpleSkyExtension.h">
      <Filter>Extensions</Filter>
    </ClInclude>
    <ClInclude Include="oepViewpointsExtension.h">
      <Filter>Extensions</Filter>
    </ClInclude>
    <ClInclude Include="oepViewpoint.h">
      <Filter>Extensions</Filter>
    </ClInclude>
    <ClInclude Include="oepSimpleOceanLayer.h">
      <Filter>Layers</Filter>
    </ClInclude>
    <ClInclude Include="oepArcGISSourceOptions.h">
      <Filter>SourceOptions</Filter>
    </ClInclude>
    <ClInclude Include="oepTileSourceOptions.h">
      <Filter>SourceOptions</Filter>
    </ClInclude>
    <ClInclude Include="oepBingSourceOptions.h">
      <Filter>SourceOptions</Filter>
    </ClInclude>
    <ClInclude Include="oepFeatureElevationSourceOptions.h">
      <Filter>SourceOptions</Filter>
    </ClInclude>
    <ClInclude Include="oepFeatureTileSourceOptions.h">
      <Filter>SourceOptions</Filter>
    </ClInclude>
    <ClInclude Include="oepGDALSourceOptions.h">
      <Filter>SourceOptions</Filter>
    </ClInclude>
    <ClInclude Include="oepOSGSourceOptions.h">
      <Filter>SourceOptions</Filter>
    </ClInclude>
    <ClInclude Include="oepTMSSourceOptions.h">
      <Filter>SourceOptions</Filter>
    </ClInclude>
    <ClInclude Include="oepWCSSourceOptions.h">
      <Filter>SourceOptions</Filter>
    </ClInclude>
    <ClInclude Include="oepWMSSourceOptions.h">
      <Filter>SourceOptions</Filter>
    </ClInclude>
    <ClInclude Include="oepXYZSourceOptions.h">
      <Filter>SourceOptions</Filter>
    </ClInclude>
    <ClInclude Include="oepDriverConfigOptions.h">
      <Filter>SourceOptions</Filter>
    </ClInclude>
    <ClInclude Include="oepElevationLayerOptions.h">
      <Filter>LayerOptions</Filter>
    </ClInclude>
    <ClInclude Include="oepImageLayerOptions.h">
      <Filter>LayerOptions</Filter>
    </ClInclude>
    <ClInclude Include="oepLayerOptions.h">
      <Filter>LayerOptions</Filter>
    </ClInclude>
    <ClInclude Include="oepSimpleOceanLayerOptions.h">
      <Filter>LayerOptions</Filter>
    </ClInclude>
    <ClInclude Include="oepTerrainLayerOptions.h">
      <Filter>LayerOptions</Filter>
    </ClInclude>
    <ClInclude Include="oepVisibleLayerOptions.h">
      <Filter>LayerOptions</Filter>
    </ClInclude>
    <ClInclude Include="oepViewFitter.h">
      <Filter>Header Files</Filter>
    </ClInclude>
    <ClInclude Include="AnimationPathOptions.h">
      <Filter>Plugins</Filter>
    </ClInclude>
    <ClInclude Include="AnimationPathExtension.h">
      <Filter>Plugins</Filter>
    </ClInclude>
    <ClInclude Include="oepAnimationPathExtension.h">
      <Filter>Extensions</Filter>
    </ClInclude>
    <ClInclude Include="oepAnimationPath.h">
      <Filter>Extensions</Filter>
    </ClInclude>
    <ClInclude Include="oepNotify.h">
      <Filter>Header Files</Filter>
    </ClInclude>
    <ClInclude Include="RecordScreenHandler.h">
      <Filter>Handlers</Filter>
    </ClInclude>
    <ClInclude Include="oepEventHandler.h">
      <Filter>Handlers</Filter>
    </ClInclude>
    <ClInclude Include="oepRecordScreenHandler.h">
      <Filter>Handlers</Filter>
    </ClInclude>
    <ClInclude Include="PlayPathHandler.h">
      <Filter>Handlers</Filter>
    </ClInclude>
    <ClInclude Include="oepMeasureDistanceHandler.h">
      <Filter>Handlers</Filter>
    </ClInclude>
    <ClInclude Include="MouseCoordHandler.h">
      <Filter>Handlers</Filter>
    </ClInclude>
    <ClInclude Include="oepMeasureAreaHandler.h">
      <Filter>Handlers</Filter>
    </ClInclude>
    <ClInclude Include="MeasureAreaHandler.h">
      <Filter>Handlers</Filter>
    </ClInclude>
    <ClInclude Include="oepMeasureHeightHandler.h">
      <Filter>Handlers</Filter>
    </ClInclude>
    <ClInclude Include="oepHandle.h">
      <Filter>Header Files</Filter>
    </ClInclude>
    <ClInclude Include="oepHandleMapManager.h">
      <Filter>Header Files</Filter>
    </ClInclude>
    <ClInclude Include="oepRender.h">
      <Filter>Header Files</Filter>
    </ClInclude>
    <ClInclude Include="CalcMath.h">
      <Filter>Header Files</Filter>
    </ClInclude>
    <ClInclude Include="MeasureHeightHandler.h">
      <Filter>Handlers</Filter>
    </ClInclude>
  </ItemGroup>
  <ItemGroup>
    <ClCompile Include="AssemblyInfo.cpp">
      <Filter>Source Files</Filter>
    </ClCompile>
    <ClCompile Include="Stdafx.cpp">
      <Filter>Source Files</Filter>
    </ClCompile>
    <ClCompile Include="Viewer.cpp">
      <Filter>Source Files</Filter>
    </ClCompile>
    <ClCompile Include="Initor.cpp">
      <Filter>Source Files</Filter>
    </ClCompile>
    <ClCompile Include="oepMap.cpp">
      <Filter>Source Files</Filter>
    </ClCompile>
    <ClCompile Include="oepElevationLayer.cpp">
      <Filter>Layers</Filter>
    </ClCompile>
    <ClCompile Include="oepImageLayer.cpp">
      <Filter>Layers</Filter>
    </ClCompile>
    <ClCompile Include="oepLayer.cpp">
      <Filter>Layers</Filter>
    </ClCompile>
    <ClCompile Include="oepTerrainLayer.cpp">
      <Filter>Layers</Filter>
    </ClCompile>
    <ClCompile Include="oepVisibleLayer.cpp">
      <Filter>Layers</Filter>
    </ClCompile>
    <ClCompile Include="oepObject.cpp">
      <Filter>Source Files</Filter>
    </ClCompile>
    <ClCompile Include="oepLayerFactory.cpp">
      <Filter>Layers</Filter>
    </ClCompile>
    <ClCompile Include="oepUnknownLayer.cpp">
      <Filter>Layers</Filter>
    </ClCompile>
    <ClCompile Include="oepExtension.cpp">
      <Filter>Extensions</Filter>
    </ClCompile>
    <ClCompile Include="oepConfigOptions.cpp">
      <Filter>Source Files</Filter>
    </ClCompile>
    <ClCompile Include="oepBrightnessContrastColorFilter.cpp">
      <Filter>ColorFilter</Filter>
    </ClCompile>
    <ClCompile Include="oepChromaKeyColorFilter.cpp">
      <Filter>ColorFilter</Filter>
    </ClCompile>
    <ClCompile Include="oepCMYKColorFilter.cpp">
      <Filter>ColorFilter</Filter>
    </ClCompile>
    <ClCompile Include="oepColorFilter.cpp">
      <Filter>ColorFilter</Filter>
    </ClCompile>
    <ClCompile Include="oepGammaColorFilter.cpp">
      <Filter>ColorFilter</Filter>
    </ClCompile>
    <ClCompile Include="oepHSLColorFilter.cpp">
      <Filter>ColorFilter</Filter>
    </ClCompile>
    <ClCompile Include="oepRGBColorFilter.cpp">
      <Filter>ColorFilter</Filter>
    </ClCompile>
    <ClCompile Include="oepVector.cpp">
      <Filter>Source Files</Filter>
    </ClCompile>
    <ClCompile Include="oepExtensionFactory.cpp">
      <Filter>Extensions</Filter>
    </ClCompile>
    <ClCompile Include="oepViewpointsExtension.cpp">
      <Filter>Extensions</Filter>
    </ClCompile>
    <ClCompile Include="oepSimpleSkyExtension.cpp">
      <Filter>Extensions</Filter>
    </ClCompile>
    <ClCompile Include="oepViewpoint.cpp">
      <Filter>Extensions</Filter>
    </ClCompile>
    <ClCompile Include="oepSimpleOceanLayer.cpp">
      <Filter>Layers</Filter>
    </ClCompile>
    <ClCompile Include="oepArcGISSourceOptions.cpp">
      <Filter>SourceOptions</Filter>
    </ClCompile>
    <ClCompile Include="oepTileSourceOptions.cpp">
      <Filter>SourceOptions</Filter>
    </ClCompile>
    <ClCompile Include="oepBingSourceOptions.cpp">
      <Filter>SourceOptions</Filter>
    </ClCompile>
    <ClCompile Include="oepFeatureElevationSourceOptions.cpp">
      <Filter>SourceOptions</Filter>
    </ClCompile>
    <ClCompile Include="oepFeatureTileSourceOptions.cpp">
      <Filter>SourceOptions</Filter>
    </ClCompile>
    <ClCompile Include="oepGDALSourceOptions.cpp">
      <Filter>SourceOptions</Filter>
    </ClCompile>
    <ClCompile Include="oepOSGSourceOptions.cpp">
      <Filter>SourceOptions</Filter>
    </ClCompile>
    <ClCompile Include="oepTMSSourceOptions.cpp">
      <Filter>SourceOptions</Filter>
    </ClCompile>
    <ClCompile Include="oepWCSSourceOptions.cpp">
      <Filter>SourceOptions</Filter>
    </ClCompile>
    <ClCompile Include="oepWMSSourceOptions.cpp">
      <Filter>SourceOptions</Filter>
    </ClCompile>
    <ClCompile Include="oepXYZSourceOptions.cpp">
      <Filter>SourceOptions</Filter>
    </ClCompile>
    <ClCompile Include="oepDriverConfigOptions.cpp">
      <Filter>SourceOptions</Filter>
    </ClCompile>
    <ClCompile Include="oepElevationLayerOptions.cpp">
      <Filter>LayerOptions</Filter>
    </ClCompile>
    <ClCompile Include="oepImageLayerOptions.cpp">
      <Filter>LayerOptions</Filter>
    </ClCompile>
    <ClCompile Include="oepLayerOptions.cpp">
      <Filter>LayerOptions</Filter>
    </ClCompile>
    <ClCompile Include="oepSimpleOceanLayerOptions.cpp">
      <Filter>LayerOptions</Filter>
    </ClCompile>
    <ClCompile Include="oepTerrainLayerOptions.cpp">
      <Filter>LayerOptions</Filter>
    </ClCompile>
    <ClCompile Include="oepVisibleLayerOptions.cpp">
      <Filter>LayerOptions</Filter>
    </ClCompile>
    <ClCompile Include="oepViewFitter.cpp">
      <Filter>Source Files</Filter>
    </ClCompile>
    <ClCompile Include="AnimationPathExtension.cpp">
      <Filter>Plugins</Filter>
    </ClCompile>
    <ClCompile Include="AnimationPathPlugin.cpp">
      <Filter>Plugins</Filter>
    </ClCompile>
    <ClCompile Include="oepAnimationPathExtension.cpp">
      <Filter>Extensions</Filter>
    </ClCompile>
    <ClCompile Include="oepAnimationPath.cpp">
      <Filter>Extensions</Filter>
    </ClCompile>
    <ClCompile Include="oepNotify.cpp">
      <Filter>Source Files</Filter>
    </ClCompile>
    <ClCompile Include="RecordScreenHandler.cpp">
      <Filter>Handlers</Filter>
    </ClCompile>
    <ClCompile Include="oepRecordScreenHandler.cpp">
      <Filter>Handlers</Filter>
    </ClCompile>
    <ClCompile Include="oepEventHandler.cpp">
      <Filter>Handlers</Filter>
    </ClCompile>
    <ClCompile Include="PlayPathHandler.cpp">
      <Filter>Handlers</Filter>
    </ClCompile>
    <ClCompile Include="oepMeasureDistanceHandler.cpp">
      <Filter>Handlers</Filter>
    </ClCompile>
    <ClCompile Include="MouseCoordHandler.cpp">
      <Filter>Handlers</Filter>
    </ClCompile>
    <ClCompile Include="oepMeasureAreaHandler.cpp">
      <Filter>Handlers</Filter>
    </ClCompile>
    <ClCompile Include="MeasureAreaHandler.cpp">
      <Filter>Handlers</Filter>
    </ClCompile>
    <ClCompile Include="oepMeasureHeightHandler.cpp">
      <Filter>Handlers</Filter>
    </ClCompile>
    <ClCompile Include="oepHandleMapManager.cpp">
      <Filter>Source Files</Filter>
    </ClCompile>
    <ClCompile Include="oepRender.cpp">
      <Filter>Source Files</Filter>
    </ClCompile>
    <ClCompile Include="CalcMath.cpp">
      <Filter>Source Files</Filter>
    </ClCompile>
    <ClCompile Include="MeasureHeightHandler.cpp">
      <Filter>Handlers</Filter>
    </ClCompile>
  </ItemGroup>
  <ItemGroup>
    <Text Include="ReadMe.txt" />
  </ItemGroup>
  <ItemGroup>
    <ResourceCompile Include="app.rc">
      <Filter>Resource Files</Filter>
    </ResourceCompile>
  </ItemGroup>
  <ItemGroup>
    <Image Include="app.ico">
      <Filter>Resource Files</Filter>
    </Image>
  </ItemGroup>
</Project>