<?xml version="1.0" encoding="utf-8"?>
<Project ToolsVersion="4.0" xmlns="http://schemas.microsoft.com/developer/msbuild/2003">
  <ItemGroup>
    <Filter Include="Source Files">
      <UniqueIdentifier>{4FC737F1-C7A5-4376-A066-2A32D752A2FF}</UniqueIdentifier>
      <Extensions>cpp;c;cc;cxx;def;odl;idl;hpj;bat;asm;asmx</Extensions>
    </Filter>
    <Filter Include="Header Files">
      <UniqueIdentifier>{93995380-89BD-4b04-88EB-625FBE52EBFB}</UniqueIdentifier>
      <Extensions>h;hh;hpp;hxx;hm;inl;inc;xsd</Extensions>
    </Filter>
    <Filter Include="Resource Files">
      <UniqueIdentifier>{67DA6AB6-F800-4c08-8B7A-83BB121AAD01}</UniqueIdentifier>
      <Extensions>rc;ico;cur;bmp;dlg;rc2;rct;bin;rgs;gif;jpg;jpeg;jpe;resx;tiff;tif;png;wav;mfcribbon-ms</Extensions>
    </Filter>
    <Filter Include="Layers">
      <UniqueIdentifier>{d939eefd-06b5-4763-9331-abb5b5620189}</UniqueIdentifier>
    </Filter>
    <Filter Include="Sources">
      <UniqueIdentifier>{e526207f-5f8a-4095-a067-58a71c73511a}</UniqueIdentifier>
    </Filter>
  </ItemGroup>
  <ItemGroup>
    <ClInclude Include="Stdafx.h">
      <Filter>Header Files</Filter>
    </ClInclude>
    <ClInclude Include="resource.h">
      <Filter>Header Files</Filter>
    </ClInclude>
    <ClInclude Include="Render.h">
      <Filter>Header Files</Filter>
    </ClInclude>
    <ClInclude Include="Viewer.h">
      <Filter>Header Files</Filter>
    </ClInclude>
    <ClInclude Include="oepMap.h">
      <Filter>Header Files</Filter>
    </ClInclude>
    <ClInclude Include="oepElevationLayer.h">
      <Filter>Layers</Filter>
    </ClInclude>
    <ClInclude Include="oepImageLayer.h">
      <Filter>Layers</Filter>
    </ClInclude>
    <ClInclude Include="oepLayer.h">
      <Filter>Layers</Filter>
    </ClInclude>
    <ClInclude Include="oepTerrainLayer.h">
      <Filter>Layers</Filter>
    </ClInclude>
    <ClInclude Include="oepVisibleLayer.h">
      <Filter>Layers</Filter>
    </ClInclude>
    <ClInclude Include="oepFeatureElevationSource.h">
      <Filter>Sources</Filter>
    </ClInclude>
    <ClInclude Include="oepOSGSource.h">
      <Filter>Sources</Filter>
    </ClInclude>
    <ClInclude Include="oepTMSSource.h">
      <Filter>Sources</Filter>
    </ClInclude>
    <ClInclude Include="oepArcGISSource.h">
      <Filter>Sources</Filter>
    </ClInclude>
    <ClInclude Include="oepBingSource.h">
      <Filter>Sources</Filter>
    </ClInclude>
    <ClInclude Include="oepFeatureTileSource.h">
      <Filter>Sources</Filter>
    </ClInclude>
    <ClInclude Include="oepGDALSource.h">
      <Filter>Sources</Filter>
    </ClInclude>
    <ClInclude Include="oepSource.h">
      <Filter>Sources</Filter>
    </ClInclude>
    <ClInclude Include="oepTileSource.h">
      <Filter>Sources</Filter>
    </ClInclude>
    <ClInclude Include="oepWCSSource.h">
      <Filter>Sources</Filter>
    </ClInclude>
    <ClInclude Include="oepWMSSource.h">
      <Filter>Sources</Filter>
    </ClInclude>
    <ClInclude Include="oepXYZSource.h">
      <Filter>Sources</Filter>
    </ClInclude>
  </ItemGroup>
  <ItemGroup>
    <ClCompile Include="AssemblyInfo.cpp">
      <Filter>Source Files</Filter>
    </ClCompile>
    <ClCompile Include="Stdafx.cpp">
      <Filter>Source Files</Filter>
    </ClCompile>
    <ClCompile Include="Render.cpp">
      <Filter>Source Files</Filter>
    </ClCompile>
    <ClCompile Include="Viewer.cpp">
      <Filter>Source Files</Filter>
    </ClCompile>
    <ClCompile Include="Initor.cpp">
      <Filter>Source Files</Filter>
    </ClCompile>
    <ClCompile Include="oepMap.cpp">
      <Filter>Source Files</Filter>
    </ClCompile>
    <ClCompile Include="oepElevationLayer.cpp">
      <Filter>Layers</Filter>
    </ClCompile>
    <ClCompile Include="oepImageLayer.cpp">
      <Filter>Layers</Filter>
    </ClCompile>
    <ClCompile Include="oepLayer.cpp">
      <Filter>Layers</Filter>
    </ClCompile>
    <ClCompile Include="oepTerrainLayer.cpp">
      <Filter>Layers</Filter>
    </ClCompile>
    <ClCompile Include="oepVisibleLayer.cpp">
      <Filter>Layers</Filter>
    </ClCompile>
    <ClCompile Include="oepFeatureElevationSource.cpp">
      <Filter>Sources</Filter>
    </ClCompile>
    <ClCompile Include="oepOSGSource.cpp">
      <Filter>Sources</Filter>
    </ClCompile>
    <ClCompile Include="oepTMSSource.cpp">
      <Filter>Sources</Filter>
    </ClCompile>
    <ClCompile Include="oepArcGISSource.cpp">
      <Filter>Sources</Filter>
    </ClCompile>
    <ClCompile Include="oepBingSource.cpp">
      <Filter>Sources</Filter>
    </ClCompile>
    <ClCompile Include="oepFeatureTileSource.cpp">
      <Filter>Sources</Filter>
    </ClCompile>
    <ClCompile Include="oepGDALSource.cpp">
      <Filter>Sources</Filter>
    </ClCompile>
    <ClCompile Include="oepSource.cpp">
      <Filter>Sources</Filter>
    </ClCompile>
    <ClCompile Include="oepTileSource.cpp">
      <Filter>Sources</Filter>
    </ClCompile>
    <ClCompile Include="oepWCSSource.cpp">
      <Filter>Sources</Filter>
    </ClCompile>
    <ClCompile Include="oepWMSSource.cpp">
      <Filter>Sources</Filter>
    </ClCompile>
    <ClCompile Include="oepXYZSource.cpp">
      <Filter>Sources</Filter>
    </ClCompile>
  </ItemGroup>
  <ItemGroup>
    <Text Include="ReadMe.txt" />
  </ItemGroup>
  <ItemGroup>
    <ResourceCompile Include="app.rc">
      <Filter>Resource Files</Filter>
    </ResourceCompile>
  </ItemGroup>
  <ItemGroup>
    <Image Include="app.ico">
      <Filter>Resource Files</Filter>
    </Image>
  </ItemGroup>
</Project>